
Microsoft Visual Studio Solution File, Format Version 12.00
Project("{FAE04EC0-301F-11D3-BF4B-00C04F79EFBC}") = "Logic", "src\Logic\Logic.csproj", "{8FE11ED5-3A51-4098-9E39-70A134B01CBB}"
EndProject
Project("{FAE04EC0-301F-11D3-BF4B-00C04F79EFBC}") = "SuperLogic", "src\SuperLogic\SuperLogic.csproj", "{B8B32C03-0877-4B99-A5A9-89880B2FB31D}"
EndProject
Project("{FAE04EC0-301F-11D3-BF4B-00C04F79EFBC}") = "HelloTests", "tests\HelloTests\HelloTests.csproj", "{404F7BE6-7A0D-4F36-9992-5F19DD864FCB}"
EndProject
Project("{FAE04EC0-301F-11D3-BF4B-00C04F79EFBC}") = "ExtraLogic", "src\ExtraLogic\ExtraLogic.csproj", "{8CD7623E-BF7A-431C-8795-8958E34DD981}"
EndProject
Global
	GlobalSection(SolutionConfigurationPlatforms) = preSolution
		Debug|Any CPU = Debug|Any CPU
		Release|Any CPU = Release|Any CPU
	EndGlobalSection
	GlobalSection(ProjectConfigurationPlatforms) = postSolution
		{8FE11ED5-3A51-4098-9E39-70A134B01CBB}.Debug|Any CPU.ActiveCfg = Debug|Any CPU
		{8FE11ED5-3A51-4098-9E39-70A134B01CBB}.Debug|Any CPU.Build.0 = Debug|Any CPU
		{8FE11ED5-3A51-4098-9E39-70A134B01CBB}.Release|Any CPU.ActiveCfg = Release|Any CPU
		{8FE11ED5-3A51-4098-9E39-70A134B01CBB}.Release|Any CPU.Build.0 = Release|Any CPU
		{B8B32C03-0877-4B99-A5A9-89880B2FB31D}.Debug|Any CPU.ActiveCfg = Debug|Any CPU
		{B8B32C03-0877-4B99-A5A9-89880B2FB31D}.Debug|Any CPU.Build.0 = Debug|Any CPU
		{B8B32C03-0877-4B99-A5A9-89880B2FB31D}.Release|Any CPU.ActiveCfg = Release|Any CPU
		{B8B32C03-0877-4B99-A5A9-89880B2FB31D}.Release|Any CPU.Build.0 = Release|Any CPU
		{404F7BE6-7A0D-4F36-9992-5F19DD864FCB}.Debug|Any CPU.ActiveCfg = Debug|Any CPU
		{404F7BE6-7A0D-4F36-9992-5F19DD864FCB}.Debug|Any CPU.Build.0 = Debug|Any CPU
		{404F7BE6-7A0D-4F36-9992-5F19DD864FCB}.Release|Any CPU.ActiveCfg = Release|Any CPU
		{404F7BE6-7A0D-4F36-9992-5F19DD864FCB}.Release|Any CPU.Build.0 = Release|Any CPU
		{8CD7623E-BF7A-431C-8795-8958E34DD981}.Debug|Any CPU.ActiveCfg = Debug|Any CPU
		{8CD7623E-BF7A-431C-8795-8958E34DD981}.Debug|Any CPU.Build.0 = Debug|Any CPU
		{8CD7623E-BF7A-431C-8795-8958E34DD981}.Release|Any CPU.ActiveCfg = Release|Any CPU
		{8CD7623E-BF7A-431C-8795-8958E34DD981}.Release|Any CPU.Build.0 = Release|Any CPU
	EndGlobalSection
EndGlobal
